Microsoft Visual Studio Solution File, Format Version 12.00
# Visual Studio Version 17
VisualStudioVersion = 17.5.2.0
MinimumVisualStudioVersion = 10.0.40219.1
Project("{FAE04EC0-301F-11D3-BF4B-00C04F79EFBC}") = "GptLab", "GptLab.csproj", "{BF6CCB78-35C5-2396-C404-EAC15781F961}"
EndProject
Global
	GlobalSection(SolutionConfigurationPlatforms) = preSolution
		Debug|Any CPU = Debug|Any CPU
		Release|Any CPU = Release|Any CPU
	EndGlobalSection
	GlobalSection(ProjectConfigurationPlatforms) = postSolution
		{BF6CCB78-35C5-2396-C404-EAC15781F961}.Debug|Any CPU.ActiveCfg = Debug|Any CPU
		{BF6CCB78-35C5-2396-C404-EAC15781F961}.Debug|Any CPU.Build.0 = Debug|Any CPU
		{BF6CCB78-35C5-2396-C404-EAC15781F961}.Release|Any CPU.ActiveCfg = Release|Any CPU
		{BF6CCB78-35C5-2396-C404-EAC15781F961}.Release|Any CPU.Build.0 = Release|Any CPU
	EndGlobalSection
	GlobalSection(SolutionProperties) = preSolution
		HideSolutionNode = FALSE
	EndGlobalSection
	GlobalSection(ExtensibilityGlobals) = postSolution
		SolutionGuid = {1BB7799B-6E2E-4B8B-B7B7-FE1AF34835F3}
	EndGlobalSection
EndGlobal
